// !$*UTF8*$!
{
	archiveVersion = 1;
	classes = {
	};
	objectVersion = 50;
	objects = {

/* Begin PBXBuildFile section */
		171EB968211C7B0C00C00A49 /* AppDelegate.swift in Sources */ = {isa = PBXBuildFile; fileRef = 171EB967211C7B0C00C00A49 /* AppDelegate.swift */; };
		171EB96A211C7B0C00C00A49 /* ItemVC.swift in Sources */ = {isa = PBXBuildFile; fileRef = 171EB969211C7B0C00C00A49 /* ItemVC.swift */; };
		171EB96D211C7B0C00C00A49 /* Main.storyboard in Resources */ = {isa = PBXBuildFile; fileRef = 171EB96B211C7B0C00C00A49 /* Main.storyboard */; };
		171EB970211C7B0C00C00A49 /* Todoey_App.xcdatamodeld in Sources */ = {isa = PBXBuildFile; fileRef = 171EB96E211C7B0C00C00A49 /* Todoey_App.xcdatamodeld */; };
		171EB972211C7B0E00C00A49 /* Assets.xcassets in Resources */ = {isa = PBXBuildFile; fileRef = 171EB971211C7B0E00C00A49 /* Assets.xcassets */; };
		171EB975211C7B0E00C00A49 /* LaunchScreen.storyboard in Resources */ = {isa = PBXBuildFile; fileRef = 171EB973211C7B0E00C00A49 /* LaunchScreen.storyboard */; };
		171EB980211C7C4900C00A49 /* ItemCell.swift in Sources */ = {isa = PBXBuildFile; fileRef = 171EB97F211C7C4900C00A49 /* ItemCell.swift */; };
		17E79E55211D34F400973C11 /* CategoryVC.swift in Sources */ = {isa = PBXBuildFile; fileRef = 17E79E54211D34F400973C11 /* CategoryVC.swift */; };
		8AF61F88384638CAF85D4A69 /* Pods_Todoey_App.framework in Frameworks */ = {isa = PBXBuildFile; fileRef = 4EC201F2E33391FDF17D1347 /* Pods_Todoey_App.framework */; };
/* End PBXBuildFile section */

/* Begin PBXFileReference section */
		171EB964211C7B0C00C00A49 /* Todoey App.app */ = {isa = PBXFileReference; explicitFileType = wrapper.application; includeInIndex = 0; path = "Todoey App.app"; sourceTree = BUILT_PRODUCTS_DIR; };
		171EB967211C7B0C00C00A49 /* AppDelegate.swift */ = {isa = PBXFileReference; lastKnownFileType = sourcecode.swift; path = AppDelegate.swift; sourceTree = "<group>"; };
		171EB969211C7B0C00C00A49 /* ItemVC.swift */ = {isa = PBXFileReference; lastKnownFileType = sourcecode.swift; path = ItemVC.swift; sourceTree = "<group>"; };
		171EB96C211C7B0C00C00A49 /* Base */ = {isa = PBXFileReference; lastKnownFileType = file.storyboard; name = Base; path = Base.lproj/Main.storyboard; sourceTree = "<group>"; };
		171EB96F211C7B0C00C00A49 /* Todoey_App.xcdatamodel */ = {isa = PBXFileReference; lastKnownFileType = wrapper.xcdatamodel; path = Todoey_App.xcdatamodel; sourceTree = "<group>"; };
		171EB971211C7B0E00C00A49 /* Assets.xcassets */ = {isa = PBXFileReference; lastKnownFileType = folder.assetcatalog; path = Assets.xcassets; sourceTree = "<group>"; };
		171EB974211C7B0E00C00A49 /* Base */ = {isa = PBXFileReference; lastKnownFileType = file.storyboard; name = Base; path = Base.lproj/LaunchScreen.storyboard; sourceTree = "<group>"; };
		171EB976211C7B0E00C00A49 /* Info.plist */ = {isa = PBXFileReference; lastKnownFileType = text.plist.xml; path = Info.plist; sourceTree = "<group>"; };
		171EB97F211C7C4900C00A49 /* ItemCell.swift */ = {isa = PBXFileReference; lastKnownFileType = sourcecode.swift; path = ItemCell.swift; sourceTree = "<group>"; };
		17E79E54211D34F400973C11 /* CategoryVC.swift */ = {isa = PBXFileReference; lastKnownFileType = sourcecode.swift; path = CategoryVC.swift; sourceTree = "<group>"; };
		1EDC3FC75563C266DC2170B3 /* Pods-Todoey App.release.xcconfig */ = {isa = PBXFileReference; includeInIndex = 1; lastKnownFileType = text.xcconfig; name = "Pods-Todoey App.release.xcconfig"; path = "Pods/Target Support Files/Pods-Todoey App/Pods-Todoey App.release.xcconfig"; sourceTree = "<group>"; };
		4EC201F2E33391FDF17D1347 /* Pods_Todoey_App.framework */ = {isa = PBXFileReference; explicitFileType = wrapper.framework; includeInIndex = 0; path = Pods_Todoey_App.framework; sourceTree = BUILT_PRODUCTS_DIR; };
		9BC9FA675D8D9016D5D0DA2A /* Pods-Todoey App.debug.xcconfig */ = {isa = PBXFileReference; includeInIndex = 1; lastKnownFileType = text.xcconfig; name = "Pods-Todoey App.debug.xcconfig"; path = "Pods/Target Support Files/Pods-Todoey App/Pods-Todoey App.debug.xcconfig"; sourceTree = "<group>"; };
/* End PBXFileReference section */

/* Begin PBXFrameworksBuildPhase section */
		171EB961211C7B0C00C00A49 /* Frameworks */ = {
			isa = PBXFrameworksBuildPhase;
			buildActionMask = 2147483647;
			files = (
				8AF61F88384638CAF85D4A69 /* Pods_Todoey_App.framework in Frameworks */,
			);
			runOnlyForDeploymentPostprocessing = 0;
		};
/* End PBXFrameworksBuildPhase section */

/* Begin PBXGroup section */
		171EB95B211C7B0C00C00A49 = {
			isa = PBXGroup;
			children = (
				171EB966211C7B0C00C00A49 /* Todoey App */,
				171EB965211C7B0C00C00A49 /* Products */,
				4FAC8C2475D2DC6A4DEA4A23 /* Pods */,
				D9F1FB77498A880C77534BA8 /* Frameworks */,
			);
			sourceTree = "<group>";
		};
		171EB965211C7B0C00C00A49 /* Products */ = {
			isa = PBXGroup;
			children = (
				171EB964211C7B0C00C00A49 /* Todoey App.app */,
			);
			name = Products;
			sourceTree = "<group>";
		};
		171EB966211C7B0C00C00A49 /* Todoey App */ = {
			isa = PBXGroup;
			children = (
				171EB967211C7B0C00C00A49 /* AppDelegate.swift */,
				171EB97C211C7BE900C00A49 /* View Controllers */,
				171EB97D211C7C0400C00A49 /* Views */,
				171EB97E211C7C1500C00A49 /* Supporting Files */,
				171EB976211C7B0E00C00A49 /* Info.plist */,
				171EB981211C7C4F00C00A49 /* Cells */,
			);
			path = "Todoey App";
			sourceTree = "<group>";
		};
		171EB97C211C7BE900C00A49 /* View Controllers */ = {
			isa = PBXGroup;
			children = (
				171EB969211C7B0C00C00A49 /* ItemVC.swift */,
				17E79E54211D34F400973C11 /* CategoryVC.swift */,
			);
			path = "View Controllers";
			sourceTree = "<group>";
		};
		171EB97D211C7C0400C00A49 /* Views */ = {
			isa = PBXGroup;
			children = (
				171EB96B211C7B0C00C00A49 /* Main.storyboard */,
				171EB971211C7B0E00C00A49 /* Assets.xcassets */,
			);
			path = Views;
			sourceTree = "<group>";
		};
		171EB97E211C7C1500C00A49 /* Supporting Files */ = {
			isa = PBXGroup;
			children = (
				171EB973211C7B0E00C00A49 /* LaunchScreen.storyboard */,
				171EB96E211C7B0C00C00A49 /* Todoey_App.xcdatamodeld */,
			);
			path = "Supporting Files";
			sourceTree = "<group>";
		};
		171EB981211C7C4F00C00A49 /* Cells */ = {
			isa = PBXGroup;
			children = (
				171EB97F211C7C4900C00A49 /* ItemCell.swift */,
			);
			path = Cells;
			sourceTree = "<group>";
		};
		4FAC8C2475D2DC6A4DEA4A23 /* Pods */ = {
			isa = PBXGroup;
			children = (
				9BC9FA675D8D9016D5D0DA2A /* Pods-Todoey App.debug.xcconfig */,
				1EDC3FC75563C266DC2170B3 /* Pods-Todoey App.release.xcconfig */,
			);
			name = Pods;
			sourceTree = "<group>";
		};
		D9F1FB77498A880C77534BA8 /* Frameworks */ = {
			isa = PBXGroup;
			children = (
				4EC201F2E33391FDF17D1347 /* Pods_Todoey_App.framework */,
			);
			name = Frameworks;
			sourceTree = "<group>";
		};
/* End PBXGroup section */

/* Begin PBXNativeTarget section */
		171EB963211C7B0C00C00A49 /* Todoey App */ = {
			isa = PBXNativeTarget;
			buildConfigurationList = 171EB979211C7B0E00C00A49 /* Build configuration list for PBXNativeTarget "Todoey App" */;
			buildPhases = (
				DCBCB2A72BCC6FE736C19D9B /* [CP] Check Pods Manifest.lock */,
				171EB960211C7B0C00C00A49 /* Sources */,
				171EB961211C7B0C00C00A49 /* Frameworks */,
				171EB962211C7B0C00C00A49 /* Resources */,
				75D6E8BDB8240E1C65252EF9 /* [CP] Embed Pods Frameworks */,
			);
			buildRules = (
			);
			dependencies = (
			);
			name = "Todoey App";
			productName = "Todoey App";
			productReference = 171EB964211C7B0C00C00A49 /* Todoey App.app */;
			productType = "com.apple.product-type.application";
		};
/* End PBXNativeTarget section */

/* Begin PBXProject section */
		171EB95C211C7B0C00C00A49 /* Project object */ = {
			isa = PBXProject;
			attributes = {
				LastSwiftUpdateCheck = 0940;
				LastUpgradeCheck = 0940;
				ORGANIZATIONNAME = "Ajinkya Sonar";
				TargetAttributes = {
					171EB963211C7B0C00C00A49 = {
						CreatedOnToolsVersion = 9.4.1;
					};
				};
			};
			buildConfigurationList = 171EB95F211C7B0C00C00A49 /* Build configuration list for PBXProject "Todoey App" */;
			compatibilityVersion = "Xcode 9.3";
			developmentRegion = en;
			hasScannedForEncodings = 0;
			knownRegions = (
				en,
				Base,
			);
			mainGroup = 171EB95B211C7B0C00C00A49;
			productRefGroup = 171EB965211C7B0C00C00A49 /* Products */;
			projectDirPath = "";
			projectRoot = "";
			targets = (
				171EB963211C7B0C00C00A49 /* Todoey App */,
			);
		};
/* End PBXProject section */

/* Begin PBXResourcesBuildPhase section */
		171EB962211C7B0C00C00A49 /* Resources */ = {
			isa = PBXResourcesBuildPhase;
			buildActionMask = 2147483647;
			files = (
				171EB975211C7B0E00C00A49 /* LaunchScreen.storyboard in Resources */,
				171EB972211C7B0E00C00A49 /* Assets.xcassets in Resources */,
				171EB96D211C7B0C00C00A49 /* Main.storyboard in Resources */,
			);
			runOnlyForDeploymentPostprocessing = 0;
		};
/* End PBXResourcesBuildPhase section */

/* Begin PBXShellScriptBuildPhase section */
		75D6E8BDB8240E1C65252EF9 /* [CP] Embed Pods Frameworks */ = {
			isa = PBXShellScriptBuildPhase;
			buildActionMask = 2147483647;
			files = (
			);
			inputPaths = (
				"${SRCROOT}/Pods/Target Support Files/Pods-Todoey App/Pods-Todoey App-frameworks.sh",
				"${BUILT_PRODUCTS_DIR}/Realm/Realm.framework",
				"${BUILT_PRODUCTS_DIR}/RealmSwift/RealmSwift.framework",
			);
			name = "[CP] Embed Pods Frameworks";
			outputPaths = (
				"${TARGET_BUILD_DIR}/${FRAMEWORKS_FOLDER_PATH}/Realm.framework",
				"${TARGET_BUILD_DIR}/${FRAMEWORKS_FOLDER_PATH}/RealmSwift.framework",
			);
			runOnlyForDeploymentPostprocessing = 0;
			shellPath = /bin/sh;
			shellScript = "\"${SRCROOT}/Pods/Target Support Files/Pods-Todoey App/Pods-Todoey App-frameworks.sh\"\n";
			showEnvVarsInLog = 0;
		};
		DCBCB2A72BCC6FE736C19D9B /* [CP] Check Pods Manifest.lock */ = {
			isa = PBXShellScriptBuildPhase;
			buildActionMask = 2147483647;
			files = (
			);
			inputPaths = (
				"${PODS_PODFILE_DIR_PATH}/Podfile.lock",
				"${PODS_ROOT}/Manifest.lock",
			);
			name = "[CP] Check Pods Manifest.lock";
			outputPaths = (
				"$(DERIVED_FILE_DIR)/Pods-Todoey App-checkManifestLockResult.txt",
			);
			runOnlyForDeploymentPostprocessing = 0;
			shellPath = /bin/sh;
			shellScript = "diff \"${PODS_PODFILE_DIR_PATH}/Podfile.lock\" \"${PODS_ROOT}/Manifest.lock\" > /dev/null\nif [ $? != 0 ] ; then\n    # print error to STDERR\n    echo \"error: The sandbox is not in sync with the Podfile.lock. Run 'pod install' or update your CocoaPods installation.\" >&2\n    exit 1\nfi\n# This output is used by Xcode 'outputs' to avoid re-running this script phase.\necho \"SUCCESS\" > \"${SCRIPT_OUTPUT_FILE_0}\"\n";
			showEnvVarsInLog = 0;
		};
/* End PBXShellScriptBuildPhase section */

/* Begin PBXSourcesBuildPhase section */
		171EB960211C7B0C00C00A49 /* Sources */ = {
			isa = PBXSourcesBuildPhase;
			buildActionMask = 2147483647;
			files = (
				17E79E55211D34F400973C11 /* CategoryVC.swift in Sources */,
				171EB980211C7C4900C00A49 /* ItemCell.swift in Sources */,
				171EB970211C7B0C00C00A49 /* Todoey_App.xcdatamodeld in Sources */,
				171EB96A211C7B0C00C00A49 /* ItemVC.swift in Sources */,
				171EB968211C7B0C00C00A49 /* AppDelegate.swift in Sources */,
			);
			runOnlyForDeploymentPostprocessing = 0;
		};
/* End PBXSourcesBuildPhase section */

/* Begin PBXVariantGroup section */
		171EB96B211C7B0C00C00A49 /* Main.storyboard */ = {
			isa = PBXVariantGroup;
			children = (
				171EB96C211C7B0C00C00A49 /* Base */,
			);
			name = Main.storyboard;
			sourceTree = "<group>";
		};
		171EB973211C7B0E00C00A49 /* LaunchScreen.storyboard */ = {
			isa = PBXVariantGroup;
			children = (
				171EB974211C7B0E00C00A49 /* Base */,
			);
			name = LaunchScreen.storyboard;
			sourceTree = "<group>";
		};
/* End PBXVariantGroup section */

/* Begin XCBuildConfiguration section */
		171EB977211C7B0E00C00A49 /* Debug */ = {
			isa = XCBuildConfiguration;
			buildSettings = {
				ALWAYS_SEARCH_USER_PATHS = NO;
				CLANG_ANALYZER_NONNULL = YES;
				CLANG_ANALYZER_NUMBER_OBJECT_CONVERSION = YES_AGGRESSIVE;
				CLANG_CXX_LANGUAGE_STANDARD = "gnu++14";
				CLANG_CXX_LIBRARY = "libc++";
				CLANG_ENABLE_MODULES = YES;
				CLANG_ENABLE_OBJC_ARC = YES;
				CLANG_ENABLE_OBJC_WEAK = YES;
				CLANG_WARN_BLOCK_CAPTURE_AUTORELEASING = YES;
				CLANG_WARN_BOOL_CONVERSION = YES;
				CLANG_WARN_COMMA = YES;
				CLANG_WARN_CONSTANT_CONVERSION = YES;
				CLANG_WARN_DEPRECATED_OBJC_IMPLEMENTATIONS = YES;
				CLANG_WARN_DIRECT_OBJC_ISA_USAGE = YES_ERROR;
				CLANG_WARN_DOCUMENTATION_COMMENTS = YES;
				CLANG_WARN_EMPTY_BODY = YES;
				CLANG_WARN_ENUM_CONVERSION = YES;
				CLANG_WARN_INFINITE_RECURSION = YES;
				CLANG_WARN_INT_CONVERSION = YES;
				CLANG_WARN_NON_LITERAL_NULL_CONVERSION = YES;
				CLANG_WARN_OBJC_IMPLICIT_RETAIN_SELF = YES;
				CLANG_WARN_OBJC_LITERAL_CONVERSION = YES;
				CLANG_WARN_OBJC_ROOT_CLASS = YES_ERROR;
				CLANG_WARN_RANGE_LOOP_ANALYSIS = YES;
				CLANG_WARN_STRICT_PROTOTYPES = YES;
				CLANG_WARN_SUSPICIOUS_MOVE = YES;
				CLANG_WARN_UNGUARDED_AVAILABILITY = YES_AGGRESSIVE;
				CLANG_WARN_UNREACHABLE_CODE = YES;
				CLANG_WARN__DUPLICATE_METHOD_MATCH = YES;
				CODE_SIGN_IDENTITY = "iPhone Developer";
				COPY_PHASE_STRIP = NO;
				DEBUG_INFORMATION_FORMAT = dwarf;
				ENABLE_STRICT_OBJC_MSGSEND = YES;
				ENABLE_TESTABILITY = YES;
				GCC_C_LANGUAGE_STANDARD = gnu11;
				GCC_DYNAMIC_NO_PIC = NO;
				GCC_NO_COMMON_BLOCKS = YES;
				GCC_OPTIMIZATION_LEVEL = 0;
				GCC_PREPROCESSOR_DEFINITIONS = (
					"DEBUG=1",
					"$(inherited)",
				);
				GCC_WARN_64_TO_32_BIT_CONVERSION = YES;
				GCC_WARN_ABOUT_RETURN_TYPE = YES_ERROR;
				GCC_WARN_UNDECLARED_SELECTOR = YES;
				GCC_WARN_UNINITIALIZED_AUTOS = YES_AGGRESSIVE;
				GCC_WARN_UNUSED_FUNCTION = YES;
				GCC_WARN_UNUSED_VARIABLE = YES;
				IPHONEOS_DEPLOYMENT_TARGET = 11.4;
				MTL_ENABLE_DEBUG_INFO = YES;
				ONLY_ACTIVE_ARCH = YES;
				SDKROOT = iphoneos;
				SWIFT_ACTIVE_COMPILATION_CONDITIONS = DEBUG;
				SWIFT_OPTIMIZATION_LEVEL = "-Onone";
			};
			name = Debug;
		};
		171EB978211C7B0E00C00A49 /* Release */ = {
			isa = XCBuildConfiguration;
			buildSettings = {
				ALWAYS_SEARCH_USER_PATHS = NO;
				CLANG_ANALYZER_NONNULL = YES;
				CLANG_ANALYZER_NUMBER_OBJECT_CONVERSION = YES_AGGRESSIVE;
				CLANG_CXX_LANGUAGE_STANDARD = "gnu++14";
				CLANG_CXX_LIBRARY = "libc++";
				CLANG_ENABLE_MODULES = YES;
				CLANG_ENABLE_OBJC_ARC = YES;
				CLANG_ENABLE_OBJC_WEAK = YES;
				CLANG_WARN_BLOCK_CAPTURE_AUTORELEASING = YES;
				CLANG_WARN_BOOL_CONVERSION = YES;
				CLANG_WARN_COMMA = YES;
				CLANG_WARN_CONSTANT_CONVERSION = YES;
				CLANG_WARN_DEPRECATED_OBJC_IMPLEMENTATIONS = YES;
				CLANG_WARN_DIRECT_OBJC_ISA_USAGE = YES_ERROR;
				CLANG_WARN_DOCUMENTATION_COMMENTS = YES;
				CLANG_WARN_EMPTY_BODY = YES;
				CLANG_WARN_ENUM_CONVERSION = YES;
				CLANG_WARN_INFINITE_RECURSION = YES;
				CLANG_WARN_INT_CONVERSION = YES;
				CLANG_WARN_NON_LITERAL_NULL_CONVERSION = YES;
				CLANG_WARN_OBJC_IMPLICIT_RETAIN_SELF = YES;
				CLANG_WARN_OBJC_LITERAL_CONVERSION = YES;
				CLANG_WARN_OBJC_ROOT_CLASS = YES_ERROR;
				CLANG_WARN_RANGE_LOOP_ANALYSIS = YES;
				CLANG_WARN_STRICT_PROTOTYPES = YES;
				CLANG_WARN_SUSPICIOUS_MOVE = YES;
				CLANG_WARN_UNGUARDED_AVAILABILITY = YES_AGGRESSIVE;
				CLANG_WARN_UNREACHABLE_CODE = YES;
				CLANG_WARN__DUPLICATE_METHOD_MATCH = YES;
				CODE_SIGN_IDENTITY = "iPhone Developer";
				COPY_PHASE_STRIP = NO;
				DEBUG_INFORMATION_FORMAT = "dwarf-with-dsym";
				ENABLE_NS_ASSERTIONS = NO;
				ENABLE_STRICT_OBJC_MSGSEND = YES;
				GCC_C_LANGUAGE_STANDARD = gnu11;
				GCC_NO_COMMON_BLOCKS = YES;
				GCC_WARN_64_TO_32_BIT_CONVERSION = YES;
				GCC_WARN_ABOUT_RETURN_TYPE = YES_ERROR;
				GCC_WARN_UNDECLARED_SELECTOR = YES;
				GCC_WARN_UNINITIALIZED_AUTOS = YES_AGGRESSIVE;
				GCC_WARN_UNUSED_FUNCTION = YES;
				GCC_WARN_UNUSED_VARIABLE = YES;
				IPHONEOS_DEPLOYMENT_TARGET = 11.4;
				MTL_ENABLE_DEBUG_INFO = NO;
				SDKROOT = iphoneos;
				SWIFT_COMPILATION_MODE = wholemodule;
				SWIFT_OPTIMIZATION_LEVEL = "-O";
				VALIDATE_PRODUCT = YES;
			};
			name = Release;
		};
		171EB97A211C7B0E00C00A49 /* Debug */ = {
			isa = XCBuildConfiguration;
			baseConfigurationReference = 9BC9FA675D8D9016D5D0DA2A /* Pods-Todoey App.debug.xcconfig */;
			buildSettings = {
				ASSETCATALOG_COMPILER_APPICON_NAME = AppIcon;
				CODE_SIGN_STYLE = Automatic;
				DEVELOPMENT_TEAM = YCPFBKZL7W;
				INFOPLIST_FILE = "Todoey App/Info.plist";
				LD_RUNPATH_SEARCH_PATHS = "$(inherited) @executable_path/Frameworks";
				PRODUCT_BUNDLE_IDENTIFIER = "com.ajinkyasonar.Todoey-App";
				PRODUCT_NAME = "$(TARGET_NAME)";
				SWIFT_VERSION = 4.0;
				TARGETED_DEVICE_FAMILY = "1,2";
			};
			name = Debug;
		};
		171EB97B211C7B0E00C00A49 /* Release */ = {
			isa = XCBuildConfiguration;
			baseConfigurationReference = 1EDC3FC75563C266DC2170B3 /* Pods-Todoey App.release.xcconfig */;
			buildSettings = {
				ASSETCATALOG_COMPILER_APPICON_NAME = AppIcon;
				CODE_SIGN_STYLE = Automatic;
				DEVELOPMENT_TEAM = YCPFBKZL7W;
				INFOPLIST_FILE = "Todoey App/Info.plist";
				LD_RUNPATH_SEARCH_PATHS = "$(inherited) @executable_path/Frameworks";
				PRODUCT_BUNDLE_IDENTIFIER = "com.ajinkyasonar.Todoey-App";
				PRODUCT_NAME = "$(TARGET_NAME)";
				SWIFT_VERSION = 4.0;
				TARGETED_DEVICE_FAMILY = "1,2";
			};
			name = Release;
		};
/* End XCBuildConfiguration section */

/* Begin XCConfigurationList section */
		171EB95F211C7B0C00C00A49 /* Build configuration list for PBXProject "Todoey App" */ = {
			isa = XCConfigurationList;
			buildConfigurations = (
				171EB977211C7B0E00C00A49 /* Debug */,
				171EB978211C7B0E00C00A49 /* Release */,
			);
			defaultConfigurationIsVisible = 0;
			defaultConfigurationName = Release;
		};
		171EB979211C7B0E00C00A49 /* Build configuration list for PBXNativeTarget "Todoey App" */ = {
			isa = XCConfigurationList;
			buildConfigurations = (
				171EB97A211C7B0E00C00A49 /* Debug */,
				171EB97B211C7B0E00C00A49 /* Release */,
			);
			defaultConfigurationIsVisible = 0;
			defaultConfigurationName = Release;
		};
/* End XCConfigurationList section */

/* Begin XCVersionGroup section */
		171EB96E211C7B0C00C00A49 /* Todoey_App.xcdatamodeld */ = {
			isa = XCVersionGroup;
			children = (
				171EB96F211C7B0C00C00A49 /* Todoey_App.xcdatamodel */,
			);
			currentVersion = 171EB96F211C7B0C00C00A49 /* Todoey_App.xcdatamodel */;
			path = Todoey_App.xcdatamodeld;
			sourceTree = "<group>";
			versionGroupType = wrapper.xcdatamodel;
		};
/* End XCVersionGroup section */
	};
	rootObject = 171EB95C211C7B0C00C00A49 /* Project object */;
}
